
Microsoft Visual Studio Solution File, Format Version 12.00
# Visual Studio Version 17
VisualStudioVersion = 17.3.32811.315
MinimumVisualStudioVersion = 10.0.40219.1
Project("{FAE04EC0-301F-11D3-BF4B-00C04F79EFBC}") = "BulkyBookWeb", "BulkyBookWeb\BulkyBookWeb.csproj", "{BE8BD89E-435C-493B-8C2D-9516B1077D70}"
EndProject
Global
	GlobalSection(SolutionConfigurationPlatforms) = preSolution
		Debug|Any CPU = Debug|Any CPU
		Release|Any CPU = Release|Any CPU
	EndGlobalSection
	GlobalSection(ProjectConfigurationPlatforms) = postSolution
		{BE8BD89E-435C-493B-8C2D-9516B1077D70}.Debug|Any CPU.ActiveCfg = Debug|Any CPU
		{BE8BD89E-435C-493B-8C2D-9516B1077D70}.Debug|Any CPU.Build.0 = Debug|Any CPU
		{BE8BD89E-435C-493B-8C2D-9516B1077D70}.Release|Any CPU.ActiveCfg = Release|Any CPU
		{BE8BD89E-435C-493B-8C2D-9516B1077D70}.Release|Any CPU.Build.0 = Release|Any CPU
	EndGlobalSection
	GlobalSection(SolutionProperties) = preSolution
		HideSolutionNode = FALSE
	EndGlobalSection
	GlobalSection(ExtensibilityGlobals) = postSolution
		SolutionGuid = {DE51B503-D0C1-44E4-9829-F112053CCBF7}
	EndGlobalSection
EndGlobal
